
Microsoft Visual Studio Solution File, Format Version 12.00
# Visual Studio Version 17
VisualStudioVersion = 17.13.35919.96 d17.13
MinimumVisualStudioVersion = 10.0.40219.1
Project("{FAE04EC0-301F-11D3-BF4B-00C04F79EFBC}") = "MatrixArrayProcessor", "MatrixArrayProcessor\MatrixArrayProcessor.csproj", "{731224CD-02A5-4FB5-8D80-1F73728B9332}"
EndProject
Global
	GlobalSection(SolutionConfigurationPlatforms) = preSolution
		Debug|Any CPU = Debug|Any CPU
		Release|Any CPU = Release|Any CPU
	EndGlobalSection
	GlobalSection(ProjectConfigurationPlatforms) = postSolution
		{731224CD-02A5-4FB5-8D80-1F73728B9332}.Debug|Any CPU.ActiveCfg = Debug|Any CPU
		{731224CD-02A5-4FB5-8D80-1F73728B9332}.Debug|Any CPU.Build.0 = Debug|Any CPU
		{731224CD-02A5-4FB5-8D80-1F73728B9332}.Release|Any CPU.ActiveCfg = Release|Any CPU
		{731224CD-02A5-4FB5-8D80-1F73728B9332}.Release|Any CPU.Build.0 = Release|Any CPU
	EndGlobalSection
	GlobalSection(SolutionProperties) = preSolution
		HideSolutionNode = FALSE
	EndGlobalSection
	GlobalSection(ExtensibilityGlobals) = postSolution
		SolutionGuid = {3BB9F36B-FFD4-4E3E-AEBD-7A389FA0AB33}
	EndGlobalSection
EndGlobal
